
Microsoft Visual Studio Solution File, Format Version 12.00
# Visual Studio 14
VisualStudioVersion = 14.0.25420.1
MinimumVisualStudioVersion = 10.0.40219.1
Project("{9092AA53-FB77-4645-B42D-1CCCA6BD08BD}") = "Landmark-Remark-UI", "Landmark-Remark-UI\Landmark-Remark-UI.njsproj", "{E0802F7C-32E7-4379-97D5-98A236353C64}"
EndProject
Project("{FAE04EC0-301F-11D3-BF4B-00C04F79EFBC}") = "Landmark_Remark", "Landmark_Remark\Landmark_Remark.csproj", "{88F4487E-FFEE-42C2-BD68-792F3CE93B7A}"
EndProject
Project("{FAE04EC0-301F-11D3-BF4B-00C04F79EFBC}") = "Landmark_Remark.Tests", "Landmark_Remark.Tests\Landmark_Remark.Tests.csproj", "{6EC6E6C1-041E-4C46-9AB4-6947BB1F05F0}"
EndProject
Global
	GlobalSection(SolutionConfigurationPlatforms) = preSolution
		Debug|Any CPU = Debug|Any CPU
		Release|Any CPU = Release|Any CPU
	EndGlobalSection
	GlobalSection(ProjectConfigurationPlatforms) = postSolution
		{E0802F7C-32E7-4379-97D5-98A236353C64}.Debug|Any CPU.ActiveCfg = Debug|Any CPU
		{E0802F7C-32E7-4379-97D5-98A236353C64}.Debug|Any CPU.Build.0 = Debug|Any CPU
		{E0802F7C-32E7-4379-97D5-98A236353C64}.Release|Any CPU.ActiveCfg = Release|Any CPU
		{E0802F7C-32E7-4379-97D5-98A236353C64}.Release|Any CPU.Build.0 = Release|Any CPU
		{88F4487E-FFEE-42C2-BD68-792F3CE93B7A}.Debug|Any CPU.ActiveCfg = Debug|Any CPU
		{88F4487E-FFEE-42C2-BD68-792F3CE93B7A}.Debug|Any CPU.Build.0 = Debug|Any CPU
		{88F4487E-FFEE-42C2-BD68-792F3CE93B7A}.Release|Any CPU.ActiveCfg = Release|Any CPU
		{88F4487E-FFEE-42C2-BD68-792F3CE93B7A}.Release|Any CPU.Build.0 = Release|Any CPU
		{6EC6E6C1-041E-4C46-9AB4-6947BB1F05F0}.Debug|Any CPU.ActiveCfg = Debug|Any CPU
		{6EC6E6C1-041E-4C46-9AB4-6947BB1F05F0}.Debug|Any CPU.Build.0 = Debug|Any CPU
		{6EC6E6C1-041E-4C46-9AB4-6947BB1F05F0}.Release|Any CPU.ActiveCfg = Release|Any CPU
		{6EC6E6C1-041E-4C46-9AB4-6947BB1F05F0}.Release|Any CPU.Build.0 = Release|Any CPU
	EndGlobalSection
	GlobalSection(SolutionProperties) = preSolution
		HideSolutionNode = FALSE
	EndGlobalSection
	GlobalSection(ExtensibilityGlobals) = postSolution
		SolutionGuid = {56357F5F-E877-46DE-9681-C7675B87BD3C}
	EndGlobalSection
EndGlobal
